
Microsoft Visual Studio Solution File, Format Version 12.00
# Visual Studio Version 17
VisualStudioVersion = 17.13.35806.99 d17.13
MinimumVisualStudioVersion = 10.0.40219.1
Project("{FAE04EC0-301F-11D3-BF4B-00C04F79EFBC}") = "hangman", "hangman.csproj", "{B8DE66FA-7F65-4920-874D-F38B1D03CAB0}"
EndProject
Global
	GlobalSection(SolutionConfigurationPlatforms) = preSolution
		Debug|Any CPU = Debug|Any CPU
		Release|Any CPU = Release|Any CPU
	EndGlobalSection
	GlobalSection(ProjectConfigurationPlatforms) = postSolution
		{B8DE66FA-7F65-4920-874D-F38B1D03CAB0}.Debug|Any CPU.ActiveCfg = Debug|Any CPU
		{B8DE66FA-7F65-4920-874D-F38B1D03CAB0}.Debug|Any CPU.Build.0 = Debug|Any CPU
		{B8DE66FA-7F65-4920-874D-F38B1D03CAB0}.Release|Any CPU.ActiveCfg = Release|Any CPU
		{B8DE66FA-7F65-4920-874D-F38B1D03CAB0}.Release|Any CPU.Build.0 = Release|Any CPU
	EndGlobalSection
	GlobalSection(SolutionProperties) = preSolution
		HideSolutionNode = FALSE
	EndGlobalSection
	GlobalSection(ExtensibilityGlobals) = postSolution
		SolutionGuid = {66366D1F-3042-405A-8A6F-FCB8FE956347}
	EndGlobalSection
EndGlobal
